
Microsoft Visual Studio Solution File, Format Version 12.00
# Visual Studio Version 16
VisualStudioVersion = 25.0.1700.6
MinimumVisualStudioVersion = 10.0.40219.1
Project("{FAE04EC0-301F-11D3-BF4B-00C04F79EFBC}") = "MigrateDatabase", "MigrateDatabase\MigrateDatabase.csproj", "{EF780A3A-6900-45A1-9814-22D4FC36856B}"
EndProject
Global
	GlobalSection(SolutionConfigurationPlatforms) = preSolution
		Debug|Any CPU = Debug|Any CPU
		Release|Any CPU = Release|Any CPU
	EndGlobalSection
	GlobalSection(ProjectConfigurationPlatforms) = postSolution
		{EF780A3A-6900-45A1-9814-22D4FC36856B}.Debug|Any CPU.ActiveCfg = Debug|Any CPU
		{EF780A3A-6900-45A1-9814-22D4FC36856B}.Debug|Any CPU.Build.0 = Debug|Any CPU
		{EF780A3A-6900-45A1-9814-22D4FC36856B}.Release|Any CPU.ActiveCfg = Release|Any CPU
		{EF780A3A-6900-45A1-9814-22D4FC36856B}.Release|Any CPU.Build.0 = Release|Any CPU
	EndGlobalSection
	GlobalSection(SolutionProperties) = preSolution
		HideSolutionNode = FALSE
	EndGlobalSection
	GlobalSection(ExtensibilityGlobals) = postSolution
		SolutionGuid = {092B8195-43B4-4C9D-94AB-FB65A1C365E8}
	EndGlobalSection
EndGlobal
